
Microsoft Visual Studio Solution File, Format Version 12.00
# Visual Studio 14
VisualStudioVersion = 14.0.23107.0
MinimumVisualStudioVersion = 10.0.40219.1
Project("{FAE04EC0-301F-11D3-BF4B-00C04F79EFBC}") = "DevPuzzle", "DevPuzzle\DevPuzzle.csproj", "{420C58A4-C66B-45B0-A182-0F60B1B2889D}"
EndProject
Project("{FAE04EC0-301F-11D3-BF4B-00C04F79EFBC}") = "DevPuzzle.Tests", "DevPuzzle.Tests\DevPuzzle.Tests.csproj", "{9294625D-AD59-4B3E-A0BF-801074D7D3D7}"
EndProject
Global
	GlobalSection(SolutionConfigurationPlatforms) = preSolution
		Debug|Any CPU = Debug|Any CPU
		Release|Any CPU = Release|Any CPU
	EndGlobalSection
	GlobalSection(ProjectConfigurationPlatforms) = postSolution
		{420C58A4-C66B-45B0-A182-0F60B1B2889D}.Debug|Any CPU.ActiveCfg = Debug|Any CPU
		{420C58A4-C66B-45B0-A182-0F60B1B2889D}.Debug|Any CPU.Build.0 = Debug|Any CPU
		{420C58A4-C66B-45B0-A182-0F60B1B2889D}.Release|Any CPU.ActiveCfg = Release|Any CPU
		{420C58A4-C66B-45B0-A182-0F60B1B2889D}.Release|Any CPU.Build.0 = Release|Any CPU
		{9294625D-AD59-4B3E-A0BF-801074D7D3D7}.Debug|Any CPU.ActiveCfg = Debug|Any CPU
		{9294625D-AD59-4B3E-A0BF-801074D7D3D7}.Debug|Any CPU.Build.0 = Debug|Any CPU
		{9294625D-AD59-4B3E-A0BF-801074D7D3D7}.Release|Any CPU.ActiveCfg = Release|Any CPU
		{9294625D-AD59-4B3E-A0BF-801074D7D3D7}.Release|Any CPU.Build.0 = Release|Any CPU
	EndGlobalSection
	GlobalSection(SolutionProperties) = preSolution
		HideSolutionNode = FALSE
	EndGlobalSection
EndGlobal
